{
  "name": "advanced",
  "version": "1.0.0",
  "lockfileVersion": 3,
  "requires": true,
  "packages": {
    "": {
      "name": "advanced",
      "version": "1.0.0",
      "license": "ISC",
      "dependencies": {
        "module-alias": "^2.2.2",
        "rimraf": "^4.1.0"
      },
      "devDependencies": {
        "@types/module-alias": "^2.0.1",
        "@types/node": "^18.11.18",
        "typescript": "^4.9.4"
      }
    },
    "node_modules/@types/module-alias": {
      "version": "2.0.1",
      "resolved": "https://registry.npmjs.org/@types/module-alias/-/module-alias-2.0.1.tgz",
      "integrity": "sha512-DN/CCT1HQG6HquBNJdLkvV+4v5l/oEuwOHUPLxI+Eub0NED+lk0YUfba04WGH90EINiUrNgClkNnwGmbICeWMQ==",
      "dev": true
    },
    "node_modules/@types/node": {
      "version": "18.11.18",
      "resolved": "https://registry.npmjs.org/@types/node/-/node-18.11.18.tgz",
      "integrity": "sha512-DHQpWGjyQKSHj3ebjFI/wRKcqQcdR+MoFBygntYOZytCqNfkd2ZC4ARDJ2DQqhjH5p85Nnd3jhUJIXrszFX/JA==",
      "dev": true
    },
    "node_modules/module-alias": {
      "version": "2.2.2",
      "resolved": "https://registry.npmjs.org/module-alias/-/module-alias-2.2.2.tgz",
      "integrity": "sha512-A/78XjoX2EmNvppVWEhM2oGk3x4lLxnkEA4jTbaK97QKSDjkIoOsKQlfylt/d3kKKi596Qy3NP5XrXJ6fZIC9Q=="
    },
    "node_modules/rimraf": {
      "version": "4.1.0",
      "resolved": "https://registry.npmjs.org/rimraf/-/rimraf-4.1.0.tgz",
      "integrity": "sha512-ZJdkUR5/dRrRJHdcSKJLrpRn6tVjl9ALxd4yrTCxFsMpjQNzwHF6GLqMsuEzEYIXxHlFPDSk21Vr8VPuFBEz0g==",
      "bin": {
        "rimraf": "dist/cjs/src/bin.js"
      },
      "engines": {
        "node": ">=14"
      },
      "funding": {
        "url": "https://github.com/sponsors/isaacs"
      }
    },
    "node_modules/typescript": {
      "version": "4.9.4",
      "resolved": "https://registry.npmjs.org/typescript/-/typescript-4.9.4.tgz",
      "integrity": "sha512-Uz+dTXYzxXXbsFpM86Wh3dKCxrQqUcVMxwU54orwlJjOpO3ao8L7j5lH+dWfTwgCwIuM9GQ2kvVotzYJMXTBZg==",
      "dev": true,
      "bin": {
        "tsc": "bin/tsc",
        "tsserver": "bin/tsserver"
      },
      "engines": {
        "node": ">=4.2.0"
      }
    }
  }
}
